
Microsoft Visual Studio Solution File, Format Version 12.00
# Visual Studio Version 17
VisualStudioVersion = 17.1.32228.430
MinimumVisualStudioVersion = 10.0.40219.1
Project("{FAE04EC0-301F-11D3-BF4B-00C04F79EFBC}") = "Lab1", "Lab1\Lab1.csproj", "{D3CAC8E6-A55F-4E59-9F92-C71161476C33}"
EndProject
Global
	GlobalSection(SolutionConfigurationPlatforms) = preSolution
		Debug|Any CPU = Debug|Any CPU
		Release|Any CPU = Release|Any CPU
	EndGlobalSection
	GlobalSection(ProjectConfigurationPlatforms) = postSolution
		{D3CAC8E6-A55F-4E59-9F92-C71161476C33}.Debug|Any CPU.ActiveCfg = Debug|Any CPU
		{D3CAC8E6-A55F-4E59-9F92-C71161476C33}.Debug|Any CPU.Build.0 = Debug|Any CPU
		{D3CAC8E6-A55F-4E59-9F92-C71161476C33}.Release|Any CPU.ActiveCfg = Release|Any CPU
		{D3CAC8E6-A55F-4E59-9F92-C71161476C33}.Release|Any CPU.Build.0 = Release|Any CPU
	EndGlobalSection
	GlobalSection(SolutionProperties) = preSolution
		HideSolutionNode = FALSE
	EndGlobalSection
	GlobalSection(ExtensibilityGlobals) = postSolution
		SolutionGuid = {54C52BA6-61A9-4483-B9B1-EB050BED4D90}
	EndGlobalSection
EndGlobal
